
Microsoft Visual Studio Solution File, Format Version 12.00
# Visual Studio Version 17
VisualStudioVersion = 17.14.36327.8 d17.14
MinimumVisualStudioVersion = 10.0.40219.1
Project("{FAE04EC0-301F-11D3-BF4B-00C04F79EFBC}") = "backend", "backend.csproj", "{DF1A0617-7955-4405-B264-F5599F2E36CD}"
EndProject
Global
	GlobalSection(SolutionConfigurationPlatforms) = preSolution
		Debug|Any CPU = Debug|Any CPU
		Release|Any CPU = Release|Any CPU
	EndGlobalSection
	GlobalSection(ProjectConfigurationPlatforms) = postSolution
		{DF1A0617-7955-4405-B264-F5599F2E36CD}.Debug|Any CPU.ActiveCfg = Debug|Any CPU
		{DF1A0617-7955-4405-B264-F5599F2E36CD}.Debug|Any CPU.Build.0 = Debug|Any CPU
		{DF1A0617-7955-4405-B264-F5599F2E36CD}.Release|Any CPU.ActiveCfg = Release|Any CPU
		{DF1A0617-7955-4405-B264-F5599F2E36CD}.Release|Any CPU.Build.0 = Release|Any CPU
	EndGlobalSection
	GlobalSection(SolutionProperties) = preSolution
		HideSolutionNode = FALSE
	EndGlobalSection
	GlobalSection(ExtensibilityGlobals) = postSolution
		SolutionGuid = {94AA545C-1AF7-46EC-B304-3558AA6F9F6B}
	EndGlobalSection
EndGlobal
